
Microsoft Visual Studio Solution File, Format Version 12.00
# Visual Studio 15
VisualStudioVersion = 15.0.27703.2047
MinimumVisualStudioVersion = 10.0.40219.1
Project("{FAE04EC0-301F-11D3-BF4B-00C04F79EFBC}") = "Tabber", "Tabber\Tabber.csproj", "{524BB6C3-F5E7-45A0-9B5C-98D8B209C549}"
EndProject
Project("{FAE04EC0-301F-11D3-BF4B-00C04F79EFBC}") = "WPF", "WPF\WPF.csproj", "{618B584F-0CA7-4F8F-AB38-A3E7A7A2C044}"
EndProject
Global
	GlobalSection(SolutionConfigurationPlatforms) = preSolution
		Debug|Any CPU = Debug|Any CPU
		Release|Any CPU = Release|Any CPU
	EndGlobalSection
	GlobalSection(ProjectConfigurationPlatforms) = postSolution
		{524BB6C3-F5E7-45A0-9B5C-98D8B209C549}.Debug|Any CPU.ActiveCfg = Debug|Any CPU
		{524BB6C3-F5E7-45A0-9B5C-98D8B209C549}.Debug|Any CPU.Build.0 = Debug|Any CPU
		{524BB6C3-F5E7-45A0-9B5C-98D8B209C549}.Release|Any CPU.ActiveCfg = Release|Any CPU
		{524BB6C3-F5E7-45A0-9B5C-98D8B209C549}.Release|Any CPU.Build.0 = Release|Any CPU
		{618B584F-0CA7-4F8F-AB38-A3E7A7A2C044}.Debug|Any CPU.ActiveCfg = Debug|Any CPU
		{618B584F-0CA7-4F8F-AB38-A3E7A7A2C044}.Debug|Any CPU.Build.0 = Debug|Any CPU
		{618B584F-0CA7-4F8F-AB38-A3E7A7A2C044}.Release|Any CPU.ActiveCfg = Release|Any CPU
		{618B584F-0CA7-4F8F-AB38-A3E7A7A2C044}.Release|Any CPU.Build.0 = Release|Any CPU
	EndGlobalSection
	GlobalSection(SolutionProperties) = preSolution
		HideSolutionNode = FALSE
	EndGlobalSection
	GlobalSection(ExtensibilityGlobals) = postSolution
		SolutionGuid = {28FE6AD1-878C-4A81-9961-C098E01631DC}
	EndGlobalSection
EndGlobal
